
Microsoft Visual Studio Solution File, Format Version 12.00
# Visual Studio Version 17
VisualStudioVersion = 17.11.35222.181
MinimumVisualStudioVersion = 10.0.40219.1
Project("{FAE04EC0-301F-11D3-BF4B-00C04F79EFBC}") = "cvm-updater", "cvm-updater\cvm-updater.csproj", "{AA8829D5-D9E5-4278-A223-722BFBE9ED67}"
EndProject
Global
	GlobalSection(SolutionConfigurationPlatforms) = preSolution
		Debug|Any CPU = Debug|Any CPU
		Release|Any CPU = Release|Any CPU
	EndGlobalSection
	GlobalSection(ProjectConfigurationPlatforms) = postSolution
		{AA8829D5-D9E5-4278-A223-722BFBE9ED67}.Debug|Any CPU.ActiveCfg = Debug|Any CPU
		{AA8829D5-D9E5-4278-A223-722BFBE9ED67}.Debug|Any CPU.Build.0 = Debug|Any CPU
		{AA8829D5-D9E5-4278-A223-722BFBE9ED67}.Release|Any CPU.ActiveCfg = Release|Any CPU
		{AA8829D5-D9E5-4278-A223-722BFBE9ED67}.Release|Any CPU.Build.0 = Release|Any CPU
	EndGlobalSection
	GlobalSection(SolutionProperties) = preSolution
		HideSolutionNode = FALSE
	EndGlobalSection
	GlobalSection(ExtensibilityGlobals) = postSolution
		SolutionGuid = {C28AC168-20F6-4CF6-92F5-FDD63B98691A}
	EndGlobalSection
EndGlobal
